
Microsoft Visual Studio Solution File, Format Version 12.00
# Visual Studio 15
VisualStudioVersion = 15.0.33026.149
MinimumVisualStudioVersion = 10.0.40219.1
Project("{FAE04EC0-301F-11D3-BF4B-00C04F79EFBC}") = "WindowsFormsApp1", "WindowsFormsApp1\WindowsFormsApp1.csproj", "{EC4E6A39-29F3-4A07-BD47-553D4800DD5C}"
EndProject
Global
	GlobalSection(SolutionConfigurationPlatforms) = preSolution
		Debug|Any CPU = Debug|Any CPU
		Release|Any CPU = Release|Any CPU
	EndGlobalSection
	GlobalSection(ProjectConfigurationPlatforms) = postSolution
		{EC4E6A39-29F3-4A07-BD47-553D4800DD5C}.Debug|Any CPU.ActiveCfg = Debug|Any CPU
		{EC4E6A39-29F3-4A07-BD47-553D4800DD5C}.Debug|Any CPU.Build.0 = Debug|Any CPU
		{EC4E6A39-29F3-4A07-BD47-553D4800DD5C}.Release|Any CPU.ActiveCfg = Release|Any CPU
		{EC4E6A39-29F3-4A07-BD47-553D4800DD5C}.Release|Any CPU.Build.0 = Release|Any CPU
	EndGlobalSection
	GlobalSection(SolutionProperties) = preSolution
		HideSolutionNode = FALSE
	EndGlobalSection
	GlobalSection(ExtensibilityGlobals) = postSolution
		SolutionGuid = {CA716D6A-EEE8-4FBE-AB56-1A20861B4E52}
	EndGlobalSection
EndGlobal
